
Microsoft Visual Studio Solution File, Format Version 12.00
# Visual Studio Version 17
VisualStudioVersion = 17.11.35327.3
MinimumVisualStudioVersion = 10.0.40219.1
Project("{FAE04EC0-301F-11D3-BF4B-00C04F79EFBC}") = "Laboratorio 12-3", "Laboratorio 12-3\Laboratorio 12-3.csproj", "{8B0D21A9-06FB-4770-A16F-6BB2AA2ABB07}"
EndProject
Global
	GlobalSection(SolutionConfigurationPlatforms) = preSolution
		Debug|Any CPU = Debug|Any CPU
		Release|Any CPU = Release|Any CPU
	EndGlobalSection
	GlobalSection(ProjectConfigurationPlatforms) = postSolution
		{8B0D21A9-06FB-4770-A16F-6BB2AA2ABB07}.Debug|Any CPU.ActiveCfg = Debug|Any CPU
		{8B0D21A9-06FB-4770-A16F-6BB2AA2ABB07}.Debug|Any CPU.Build.0 = Debug|Any CPU
		{8B0D21A9-06FB-4770-A16F-6BB2AA2ABB07}.Release|Any CPU.ActiveCfg = Release|Any CPU
		{8B0D21A9-06FB-4770-A16F-6BB2AA2ABB07}.Release|Any CPU.Build.0 = Release|Any CPU
	EndGlobalSection
	GlobalSection(SolutionProperties) = preSolution
		HideSolutionNode = FALSE
	EndGlobalSection
	GlobalSection(ExtensibilityGlobals) = postSolution
		SolutionGuid = {E6CCBC15-3E05-4B42-8FDE-F55555396093}
	EndGlobalSection
EndGlobal
