
Microsoft Visual Studio Solution File, Format Version 12.00
# Visual Studio Version 17
VisualStudioVersion = 17.11.35222.181
MinimumVisualStudioVersion = 10.0.40219.1
Project("{FAE04EC0-301F-11D3-BF4B-00C04F79EFBC}") = "Laboratorio5-4", "Laboratorio5-4.csproj", "{3C7B18E3-3888-490B-BC19-9A94282B2EE3}"
EndProject
Global
	GlobalSection(SolutionConfigurationPlatforms) = preSolution
		Debug|Any CPU = Debug|Any CPU
		Release|Any CPU = Release|Any CPU
	EndGlobalSection
	GlobalSection(ProjectConfigurationPlatforms) = postSolution
		{3C7B18E3-3888-490B-BC19-9A94282B2EE3}.Debug|Any CPU.ActiveCfg = Debug|Any CPU
		{3C7B18E3-3888-490B-BC19-9A94282B2EE3}.Debug|Any CPU.Build.0 = Debug|Any CPU
		{3C7B18E3-3888-490B-BC19-9A94282B2EE3}.Release|Any CPU.ActiveCfg = Release|Any CPU
		{3C7B18E3-3888-490B-BC19-9A94282B2EE3}.Release|Any CPU.Build.0 = Release|Any CPU
	EndGlobalSection
	GlobalSection(SolutionProperties) = preSolution
		HideSolutionNode = FALSE
	EndGlobalSection
	GlobalSection(ExtensibilityGlobals) = postSolution
		SolutionGuid = {6ED8D63B-22A3-4BAC-BC35-190FE2E00677}
	EndGlobalSection
EndGlobal
