
Microsoft Visual Studio Solution File, Format Version 12.00
# Visual Studio Version 17
VisualStudioVersion = 17.11.35222.181
MinimumVisualStudioVersion = 10.0.40219.1
Project("{FAE04EC0-301F-11D3-BF4B-00C04F79EFBC}") = "Parcial 1", "Parcial 1.csproj", "{C83349ED-4BA2-4B4F-819A-D74A2D587904}"
EndProject
Global
	GlobalSection(SolutionConfigurationPlatforms) = preSolution
		Debug|Any CPU = Debug|Any CPU
		Release|Any CPU = Release|Any CPU
	EndGlobalSection
	GlobalSection(ProjectConfigurationPlatforms) = postSolution
		{C83349ED-4BA2-4B4F-819A-D74A2D587904}.Debug|Any CPU.ActiveCfg = Debug|Any CPU
		{C83349ED-4BA2-4B4F-819A-D74A2D587904}.Debug|Any CPU.Build.0 = Debug|Any CPU
		{C83349ED-4BA2-4B4F-819A-D74A2D587904}.Release|Any CPU.ActiveCfg = Release|Any CPU
		{C83349ED-4BA2-4B4F-819A-D74A2D587904}.Release|Any CPU.Build.0 = Release|Any CPU
	EndGlobalSection
	GlobalSection(SolutionProperties) = preSolution
		HideSolutionNode = FALSE
	EndGlobalSection
	GlobalSection(ExtensibilityGlobals) = postSolution
		SolutionGuid = {1EA6B063-B814-48BA-86E7-5685E9469DE3}
	EndGlobalSection
EndGlobal
