
Microsoft Visual Studio Solution File, Format Version 12.00
# Visual Studio Version 17
VisualStudioVersion = 17.11.35222.181
MinimumVisualStudioVersion = 10.0.40219.1
Project("{FAE04EC0-301F-11D3-BF4B-00C04F79EFBC}") = "Laboratorio 3", "Laboratorio 3.csproj", "{CC72EC71-4960-4CDD-85A4-A6A5A0E7E631}"
EndProject
Project("{FAE04EC0-301F-11D3-BF4B-00C04F79EFBC}") = "Laboratorio 3.2", "..\Laboratorio 3.2\Laboratorio 3.2.csproj", "{9781F150-5EDD-4B73-B6F2-E9FAE5007E27}"
EndProject
Project("{FAE04EC0-301F-11D3-BF4B-00C04F79EFBC}") = "Laboratorio 3.3", "..\Laboratorio 3.3\Laboratorio 3.3.csproj", "{0D2EC2FD-488D-439B-9169-3C12A642A6E2}"
EndProject
Global
	GlobalSection(SolutionConfigurationPlatforms) = preSolution
		Debug|Any CPU = Debug|Any CPU
		Release|Any CPU = Release|Any CPU
	EndGlobalSection
	GlobalSection(ProjectConfigurationPlatforms) = postSolution
		{CC72EC71-4960-4CDD-85A4-A6A5A0E7E631}.Debug|Any CPU.ActiveCfg = Debug|Any CPU
		{CC72EC71-4960-4CDD-85A4-A6A5A0E7E631}.Debug|Any CPU.Build.0 = Debug|Any CPU
		{CC72EC71-4960-4CDD-85A4-A6A5A0E7E631}.Release|Any CPU.ActiveCfg = Release|Any CPU
		{CC72EC71-4960-4CDD-85A4-A6A5A0E7E631}.Release|Any CPU.Build.0 = Release|Any CPU
		{9781F150-5EDD-4B73-B6F2-E9FAE5007E27}.Debug|Any CPU.ActiveCfg = Debug|Any CPU
		{9781F150-5EDD-4B73-B6F2-E9FAE5007E27}.Debug|Any CPU.Build.0 = Debug|Any CPU
		{9781F150-5EDD-4B73-B6F2-E9FAE5007E27}.Release|Any CPU.ActiveCfg = Release|Any CPU
		{9781F150-5EDD-4B73-B6F2-E9FAE5007E27}.Release|Any CPU.Build.0 = Release|Any CPU
		{0D2EC2FD-488D-439B-9169-3C12A642A6E2}.Debug|Any CPU.ActiveCfg = Debug|Any CPU
		{0D2EC2FD-488D-439B-9169-3C12A642A6E2}.Debug|Any CPU.Build.0 = Debug|Any CPU
		{0D2EC2FD-488D-439B-9169-3C12A642A6E2}.Release|Any CPU.ActiveCfg = Release|Any CPU
		{0D2EC2FD-488D-439B-9169-3C12A642A6E2}.Release|Any CPU.Build.0 = Release|Any CPU
	EndGlobalSection
	GlobalSection(SolutionProperties) = preSolution
		HideSolutionNode = FALSE
	EndGlobalSection
	GlobalSection(ExtensibilityGlobals) = postSolution
		SolutionGuid = {F95D7E1A-8321-4D85-8FBE-EF317993C292}
	EndGlobalSection
EndGlobal
