
Microsoft Visual Studio Solution File, Format Version 12.00
# Visual Studio Version 17
VisualStudioVersion = 17.11.35222.181
MinimumVisualStudioVersion = 10.0.40219.1
Project("{FAE04EC0-301F-11D3-BF4B-00C04F79EFBC}") = "Laboratorio 4-5", "Laboratorio 4-5.csproj", "{8BBBEF8C-63A9-456D-875D-BF1F1340A6B1}"
EndProject
Global
	GlobalSection(SolutionConfigurationPlatforms) = preSolution
		Debug|Any CPU = Debug|Any CPU
		Release|Any CPU = Release|Any CPU
	EndGlobalSection
	GlobalSection(ProjectConfigurationPlatforms) = postSolution
		{8BBBEF8C-63A9-456D-875D-BF1F1340A6B1}.Debug|Any CPU.ActiveCfg = Debug|Any CPU
		{8BBBEF8C-63A9-456D-875D-BF1F1340A6B1}.Debug|Any CPU.Build.0 = Debug|Any CPU
		{8BBBEF8C-63A9-456D-875D-BF1F1340A6B1}.Release|Any CPU.ActiveCfg = Release|Any CPU
		{8BBBEF8C-63A9-456D-875D-BF1F1340A6B1}.Release|Any CPU.Build.0 = Release|Any CPU
	EndGlobalSection
	GlobalSection(SolutionProperties) = preSolution
		HideSolutionNode = FALSE
	EndGlobalSection
	GlobalSection(ExtensibilityGlobals) = postSolution
		SolutionGuid = {2F077935-4BD9-4572-A280-EFDFE0E8440B}
	EndGlobalSection
EndGlobal
